
Microsoft Visual Studio Solution File, Format Version 12.00
# Visual Studio Version 17
VisualStudioVersion = 17.2.32630.192
MinimumVisualStudioVersion = 10.0.40219.1
Project("{FAE04EC0-301F-11D3-BF4B-00C04F79EFBC}") = "AdventureWorks.Data", "AdventureWorks.Data\AdventureWorks.Data.csproj", "{B09C81DD-B6D0-45EE-9948-ED78B5359150}"
EndProject
Project("{FAE04EC0-301F-11D3-BF4B-00C04F79EFBC}") = "AdventureWorks.Shared", "AdventureWorks.Shared\AdventureWorks.Shared.csproj", "{F4FB21C7-1DBA-4043-913D-2EEB9AA697CE}"
EndProject
Project("{FAE04EC0-301F-11D3-BF4B-00C04F79EFBC}") = "AdventureWorks.UI.EF.Web", "AdventureWorks.UI.EF.Web\AdventureWorks.UI.EF.Web.csproj", "{D2862827-02B9-4236-AA19-DFB7F0D1B79A}"
EndProject
Global
	GlobalSection(SolutionConfigurationPlatforms) = preSolution
		Debug|Any CPU = Debug|Any CPU
		Release|Any CPU = Release|Any CPU
	EndGlobalSection
	GlobalSection(ProjectConfigurationPlatforms) = postSolution
		{B09C81DD-B6D0-45EE-9948-ED78B5359150}.Debug|Any CPU.ActiveCfg = Debug|Any CPU
		{B09C81DD-B6D0-45EE-9948-ED78B5359150}.Debug|Any CPU.Build.0 = Debug|Any CPU
		{B09C81DD-B6D0-45EE-9948-ED78B5359150}.Release|Any CPU.ActiveCfg = Release|Any CPU
		{B09C81DD-B6D0-45EE-9948-ED78B5359150}.Release|Any CPU.Build.0 = Release|Any CPU
		{F4FB21C7-1DBA-4043-913D-2EEB9AA697CE}.Debug|Any CPU.ActiveCfg = Debug|Any CPU
		{F4FB21C7-1DBA-4043-913D-2EEB9AA697CE}.Debug|Any CPU.Build.0 = Debug|Any CPU
		{F4FB21C7-1DBA-4043-913D-2EEB9AA697CE}.Release|Any CPU.ActiveCfg = Release|Any CPU
		{F4FB21C7-1DBA-4043-913D-2EEB9AA697CE}.Release|Any CPU.Build.0 = Release|Any CPU
		{D2862827-02B9-4236-AA19-DFB7F0D1B79A}.Debug|Any CPU.ActiveCfg = Debug|Any CPU
		{D2862827-02B9-4236-AA19-DFB7F0D1B79A}.Debug|Any CPU.Build.0 = Debug|Any CPU
		{D2862827-02B9-4236-AA19-DFB7F0D1B79A}.Release|Any CPU.ActiveCfg = Release|Any CPU
		{D2862827-02B9-4236-AA19-DFB7F0D1B79A}.Release|Any CPU.Build.0 = Release|Any CPU
	EndGlobalSection
	GlobalSection(SolutionProperties) = preSolution
		HideSolutionNode = FALSE
	EndGlobalSection
	GlobalSection(ExtensibilityGlobals) = postSolution
		SolutionGuid = {70D8DD8A-9197-48D1-ADAC-053C113D930B}
	EndGlobalSection
EndGlobal
